
Microsoft Visual Studio Solution File, Format Version 12.00
# Visual Studio 14
VisualStudioVersion = 14.0.22823.1
MinimumVisualStudioVersion = 10.0.40219.1
Project("{2150E333-8FDC-42A3-9474-1A3956D46DE8}") = "Prism", "Prism", "{ED29C687-095D-4FFA-8FC2-D62EC95EBE4B}"
EndProject
Project("{FAE04EC0-301F-11D3-BF4B-00C04F79EFBC}") = "Prism", "..\PrismLibrary\Prism\Prism.csproj", "{E6C50355-D01E-4CAA-884D-D7929861315C}"
EndProject
Project("{FAE04EC0-301F-11D3-BF4B-00C04F79EFBC}") = "Prism.Windows.Store", "..\PrismLibrary\Windows\Prism.Windows.Store\Prism.Windows.Store.csproj", "{C4BD55D0-9512-44F8-84A6-DC244C7D4DED}"
EndProject
Project("{FAE04EC0-301F-11D3-BF4B-00C04F79EFBC}") = "Prism.Windows.Store.Unity", "..\PrismLibrary\Windows\Prism.Windows.Store.Unity\Prism.Windows.Store.Unity.csproj", "{FB48BF82-B3E8-41B9-BCF0-3FB35C410768}"
EndProject
Project("{FAE04EC0-301F-11D3-BF4B-00C04F79EFBC}") = "Prism.Windows", "..\PrismLibrary\Windows\Prism.Windows\Prism.Windows.csproj", "{95485773-463B-4C42-ADE6-24285F049B9B}"
EndProject
Project("{FAE04EC0-301F-11D3-BF4B-00C04F79EFBC}") = "Prism.Windows.Universal", "..\PrismLibrary\Windows\Prism.WindowsUniversal\Prism.Windows.Universal.csproj", "{989D2908-CEDE-4892-8EAC-B317DB5C7F58}"
EndProject
Project("{D954291E-2A0B-460D-934E-DC6B0785DB48}") = "Prism.Windows.Shared", "..\PrismLibrary\Windows\Prism.Windows.Shared\Prism.Windows.Shared.shproj", "{16515D34-7F48-4514-8728-82A62140D7E3}"
EndProject
Project("{FAE04EC0-301F-11D3-BF4B-00C04F79EFBC}") = "Prism.Windows.Phone", "..\PrismLibrary\Windows\Prism.Windows.Phone\Prism.Windows.Phone.csproj", "{C1E989F3-B96A-4E69-BDDF-B6108CFA42E8}"
EndProject
Project("{2150E333-8FDC-42A3-9474-1A3956D46DE8}") = "Windows Shared", "Windows Shared", "{1FD0817D-9A44-4DD5-81E3-786FCED82BC0}"
EndProject
Project("{2150E333-8FDC-42A3-9474-1A3956D46DE8}") = "Windows Universal", "Windows Universal", "{ACF3ADB3-6590-4132-8C3D-49E38FABFC62}"
EndProject
Project("{2150E333-8FDC-42A3-9474-1A3956D46DE8}") = "Tests", "Tests", "{07E45786-9A4D-49F3-98EE-1F6D75B0F751}"
EndProject
Project("{FAE04EC0-301F-11D3-BF4B-00C04F79EFBC}") = "Prism.Tests", "..\PrismLibrary\Prism.Tests\Prism.Tests.csproj", "{B6E74918-D92B-4690-BEC9-0BB199A6E933}"
EndProject
Project("{2150E333-8FDC-42A3-9474-1A3956D46DE8}") = "Tests", "Tests", "{184296B7-540E-47B5-8F34-BF41095A9CCD}"
EndProject
Project("{FAE04EC0-301F-11D3-BF4B-00C04F79EFBC}") = "CR.Core", "CR.Core\CR.Core.csproj", "{8C2B681C-C536-4959-B916-1754951469D1}"
EndProject
Project("{FAE04EC0-301F-11D3-BF4B-00C04F79EFBC}") = "CR.Logic", "CR.Logic\CR.Logic.csproj", "{892C8912-7742-42A4-A5D7-808C4EC1BA1E}"
EndProject
Project("{FAE04EC0-301F-11D3-BF4B-00C04F79EFBC}") = "Tests.CR.Core", "Tests.CR.Core\Tests.CR.Core.csproj", "{40835C86-EF3C-4F61-91A6-AA3FD9F9B59D}"
EndProject
Project("{FAE04EC0-301F-11D3-BF4B-00C04F79EFBC}") = "Tests.CR.Logic", "Tests.CR.Logic\Tests.CR.Logic.csproj", "{E80336A8-B68A-436E-A84C-151D10F195C5}"
EndProject
Project("{FAE04EC0-301F-11D3-BF4B-00C04F79EFBC}") = "CR.WinApp", "CR.WinApp\CR.WinApp.csproj", "{017991CA-850E-4A9C-9784-27D65C63403C}"
EndProject
Global
	GlobalSection(SharedMSBuildProjectFiles) = preSolution
		..\PrismLibrary\Windows\Prism.Windows.Shared\Prism.Windows.Shared.projitems*{c4bd55d0-9512-44f8-84a6-dc244c7d4ded}*SharedItemsImports = 4
		..\PrismLibrary\Windows\Prism.Windows.Shared\Prism.Windows.Shared.projitems*{c1e989f3-b96a-4e69-bddf-b6108cfa42e8}*SharedItemsImports = 4
		..\PrismLibrary\Windows\Prism.Windows.Shared\Prism.Windows.Shared.projitems*{989d2908-cede-4892-8eac-b317db5c7f58}*SharedItemsImports = 4
		..\PrismLibrary\Windows\Prism.Windows.Shared\Prism.Windows.Shared.projitems*{16515d34-7f48-4514-8728-82a62140d7e3}*SharedItemsImports = 13
	EndGlobalSection
	GlobalSection(SolutionConfigurationPlatforms) = preSolution
		Debug|Any CPU = Debug|Any CPU
		Debug|ARM = Debug|ARM
		Debug|x64 = Debug|x64
		Debug|x86 = Debug|x86
		Release|Any CPU = Release|Any CPU
		Release|ARM = Release|ARM
		Release|x64 = Release|x64
		Release|x86 = Release|x86
	EndGlobalSection
	GlobalSection(ProjectConfigurationPlatforms) = postSolution
		{E6C50355-D01E-4CAA-884D-D7929861315C}.Debug|Any CPU.ActiveCfg = Debug|Any CPU
		{E6C50355-D01E-4CAA-884D-D7929861315C}.Debug|Any CPU.Build.0 = Debug|Any CPU
		{E6C50355-D01E-4CAA-884D-D7929861315C}.Debug|ARM.ActiveCfg = Debug|Any CPU
		{E6C50355-D01E-4CAA-884D-D7929861315C}.Debug|ARM.Build.0 = Debug|Any CPU
		{E6C50355-D01E-4CAA-884D-D7929861315C}.Debug|x64.ActiveCfg = Debug|Any CPU
		{E6C50355-D01E-4CAA-884D-D7929861315C}.Debug|x64.Build.0 = Debug|Any CPU
		{E6C50355-D01E-4CAA-884D-D7929861315C}.Debug|x86.ActiveCfg = Debug|Any CPU
		{E6C50355-D01E-4CAA-884D-D7929861315C}.Debug|x86.Build.0 = Debug|Any CPU
		{E6C50355-D01E-4CAA-884D-D7929861315C}.Release|Any CPU.ActiveCfg = Release|Any CPU
		{E6C50355-D01E-4CAA-884D-D7929861315C}.Release|Any CPU.Build.0 = Release|Any CPU
		{E6C50355-D01E-4CAA-884D-D7929861315C}.Release|ARM.ActiveCfg = Release|Any CPU
		{E6C50355-D01E-4CAA-884D-D7929861315C}.Release|ARM.Build.0 = Release|Any CPU
		{E6C50355-D01E-4CAA-884D-D7929861315C}.Release|x64.ActiveCfg = Release|Any CPU
		{E6C50355-D01E-4CAA-884D-D7929861315C}.Release|x64.Build.0 = Release|Any CPU
		{E6C50355-D01E-4CAA-884D-D7929861315C}.Release|x86.ActiveCfg = Release|Any CPU
		{E6C50355-D01E-4CAA-884D-D7929861315C}.Release|x86.Build.0 = Release|Any CPU
		{C4BD55D0-9512-44F8-84A6-DC244C7D4DED}.Debug|Any CPU.ActiveCfg = Debug|Any CPU
		{C4BD55D0-9512-44F8-84A6-DC244C7D4DED}.Debug|Any CPU.Build.0 = Debug|Any CPU
		{C4BD55D0-9512-44F8-84A6-DC244C7D4DED}.Debug|ARM.ActiveCfg = Debug|ARM
		{C4BD55D0-9512-44F8-84A6-DC244C7D4DED}.Debug|ARM.Build.0 = Debug|ARM
		{C4BD55D0-9512-44F8-84A6-DC244C7D4DED}.Debug|x64.ActiveCfg = Debug|x64
		{C4BD55D0-9512-44F8-84A6-DC244C7D4DED}.Debug|x64.Build.0 = Debug|x64
		{C4BD55D0-9512-44F8-84A6-DC244C7D4DED}.Debug|x86.ActiveCfg = Debug|x86
		{C4BD55D0-9512-44F8-84A6-DC244C7D4DED}.Debug|x86.Build.0 = Debug|x86
		{C4BD55D0-9512-44F8-84A6-DC244C7D4DED}.Release|Any CPU.ActiveCfg = Release|Any CPU
		{C4BD55D0-9512-44F8-84A6-DC244C7D4DED}.Release|Any CPU.Build.0 = Release|Any CPU
		{C4BD55D0-9512-44F8-84A6-DC244C7D4DED}.Release|ARM.ActiveCfg = Release|ARM
		{C4BD55D0-9512-44F8-84A6-DC244C7D4DED}.Release|ARM.Build.0 = Release|ARM
		{C4BD55D0-9512-44F8-84A6-DC244C7D4DED}.Release|x64.ActiveCfg = Release|x64
		{C4BD55D0-9512-44F8-84A6-DC244C7D4DED}.Release|x64.Build.0 = Release|x64
		{C4BD55D0-9512-44F8-84A6-DC244C7D4DED}.Release|x86.ActiveCfg = Release|x86
		{C4BD55D0-9512-44F8-84A6-DC244C7D4DED}.Release|x86.Build.0 = Release|x86
		{FB48BF82-B3E8-41B9-BCF0-3FB35C410768}.Debug|Any CPU.ActiveCfg = Debug|Any CPU
		{FB48BF82-B3E8-41B9-BCF0-3FB35C410768}.Debug|Any CPU.Build.0 = Debug|Any CPU
		{FB48BF82-B3E8-41B9-BCF0-3FB35C410768}.Debug|ARM.ActiveCfg = Debug|ARM
		{FB48BF82-B3E8-41B9-BCF0-3FB35C410768}.Debug|ARM.Build.0 = Debug|ARM
		{FB48BF82-B3E8-41B9-BCF0-3FB35C410768}.Debug|x64.ActiveCfg = Debug|x64
		{FB48BF82-B3E8-41B9-BCF0-3FB35C410768}.Debug|x64.Build.0 = Debug|x64
		{FB48BF82-B3E8-41B9-BCF0-3FB35C410768}.Debug|x86.ActiveCfg = Debug|x86
		{FB48BF82-B3E8-41B9-BCF0-3FB35C410768}.Debug|x86.Build.0 = Debug|x86
		{FB48BF82-B3E8-41B9-BCF0-3FB35C410768}.Release|Any CPU.ActiveCfg = Release|Any CPU
		{FB48BF82-B3E8-41B9-BCF0-3FB35C410768}.Release|Any CPU.Build.0 = Release|Any CPU
		{FB48BF82-B3E8-41B9-BCF0-3FB35C410768}.Release|ARM.ActiveCfg = Release|ARM
		{FB48BF82-B3E8-41B9-BCF0-3FB35C410768}.Release|ARM.Build.0 = Release|ARM
		{FB48BF82-B3E8-41B9-BCF0-3FB35C410768}.Release|x64.ActiveCfg = Release|x64
		{FB48BF82-B3E8-41B9-BCF0-3FB35C410768}.Release|x64.Build.0 = Release|x64
		{FB48BF82-B3E8-41B9-BCF0-3FB35C410768}.Release|x86.ActiveCfg = Release|x86
		{FB48BF82-B3E8-41B9-BCF0-3FB35C410768}.Release|x86.Build.0 = Release|x86
		{95485773-463B-4C42-ADE6-24285F049B9B}.Debug|Any CPU.ActiveCfg = Debug|Any CPU
		{95485773-463B-4C42-ADE6-24285F049B9B}.Debug|Any CPU.Build.0 = Debug|Any CPU
		{95485773-463B-4C42-ADE6-24285F049B9B}.Debug|ARM.ActiveCfg = Debug|Any CPU
		{95485773-463B-4C42-ADE6-24285F049B9B}.Debug|ARM.Build.0 = Debug|Any CPU
		{95485773-463B-4C42-ADE6-24285F049B9B}.Debug|x64.ActiveCfg = Debug|Any CPU
		{95485773-463B-4C42-ADE6-24285F049B9B}.Debug|x64.Build.0 = Debug|Any CPU
		{95485773-463B-4C42-ADE6-24285F049B9B}.Debug|x86.ActiveCfg = Debug|Any CPU
		{95485773-463B-4C42-ADE6-24285F049B9B}.Debug|x86.Build.0 = Debug|Any CPU
		{95485773-463B-4C42-ADE6-24285F049B9B}.Release|Any CPU.ActiveCfg = Release|Any CPU
		{95485773-463B-4C42-ADE6-24285F049B9B}.Release|Any CPU.Build.0 = Release|Any CPU
		{95485773-463B-4C42-ADE6-24285F049B9B}.Release|ARM.ActiveCfg = Release|Any CPU
		{95485773-463B-4C42-ADE6-24285F049B9B}.Release|ARM.Build.0 = Release|Any CPU
		{95485773-463B-4C42-ADE6-24285F049B9B}.Release|x64.ActiveCfg = Release|Any CPU
		{95485773-463B-4C42-ADE6-24285F049B9B}.Release|x64.Build.0 = Release|Any CPU
		{95485773-463B-4C42-ADE6-24285F049B9B}.Release|x86.ActiveCfg = Release|Any CPU
		{95485773-463B-4C42-ADE6-24285F049B9B}.Release|x86.Build.0 = Release|Any CPU
		{989D2908-CEDE-4892-8EAC-B317DB5C7F58}.Debug|Any CPU.ActiveCfg = Debug|Any CPU
		{989D2908-CEDE-4892-8EAC-B317DB5C7F58}.Debug|Any CPU.Build.0 = Debug|Any CPU
		{989D2908-CEDE-4892-8EAC-B317DB5C7F58}.Debug|ARM.ActiveCfg = Debug|ARM
		{989D2908-CEDE-4892-8EAC-B317DB5C7F58}.Debug|ARM.Build.0 = Debug|ARM
		{989D2908-CEDE-4892-8EAC-B317DB5C7F58}.Debug|x64.ActiveCfg = Debug|x64
		{989D2908-CEDE-4892-8EAC-B317DB5C7F58}.Debug|x64.Build.0 = Debug|x64
		{989D2908-CEDE-4892-8EAC-B317DB5C7F58}.Debug|x86.ActiveCfg = Debug|x86
		{989D2908-CEDE-4892-8EAC-B317DB5C7F58}.Debug|x86.Build.0 = Debug|x86
		{989D2908-CEDE-4892-8EAC-B317DB5C7F58}.Release|Any CPU.ActiveCfg = Release|Any CPU
		{989D2908-CEDE-4892-8EAC-B317DB5C7F58}.Release|Any CPU.Build.0 = Release|Any CPU
		{989D2908-CEDE-4892-8EAC-B317DB5C7F58}.Release|ARM.ActiveCfg = Release|ARM
		{989D2908-CEDE-4892-8EAC-B317DB5C7F58}.Release|ARM.Build.0 = Release|ARM
		{989D2908-CEDE-4892-8EAC-B317DB5C7F58}.Release|x64.ActiveCfg = Release|x64
		{989D2908-CEDE-4892-8EAC-B317DB5C7F58}.Release|x64.Build.0 = Release|x64
		{989D2908-CEDE-4892-8EAC-B317DB5C7F58}.Release|x86.ActiveCfg = Release|x86
		{989D2908-CEDE-4892-8EAC-B317DB5C7F58}.Release|x86.Build.0 = Release|x86
		{C1E989F3-B96A-4E69-BDDF-B6108CFA42E8}.Debug|Any CPU.ActiveCfg = Debug|Any CPU
		{C1E989F3-B96A-4E69-BDDF-B6108CFA42E8}.Debug|Any CPU.Build.0 = Debug|Any CPU
		{C1E989F3-B96A-4E69-BDDF-B6108CFA42E8}.Debug|ARM.ActiveCfg = Debug|ARM
		{C1E989F3-B96A-4E69-BDDF-B6108CFA42E8}.Debug|ARM.Build.0 = Debug|ARM
		{C1E989F3-B96A-4E69-BDDF-B6108CFA42E8}.Debug|x64.ActiveCfg = Debug|Any CPU
		{C1E989F3-B96A-4E69-BDDF-B6108CFA42E8}.Debug|x64.Build.0 = Debug|Any CPU
		{C1E989F3-B96A-4E69-BDDF-B6108CFA42E8}.Debug|x86.ActiveCfg = Debug|x86
		{C1E989F3-B96A-4E69-BDDF-B6108CFA42E8}.Debug|x86.Build.0 = Debug|x86
		{C1E989F3-B96A-4E69-BDDF-B6108CFA42E8}.Release|Any CPU.ActiveCfg = Release|Any CPU
		{C1E989F3-B96A-4E69-BDDF-B6108CFA42E8}.Release|Any CPU.Build.0 = Release|Any CPU
		{C1E989F3-B96A-4E69-BDDF-B6108CFA42E8}.Release|ARM.ActiveCfg = Release|ARM
		{C1E989F3-B96A-4E69-BDDF-B6108CFA42E8}.Release|ARM.Build.0 = Release|ARM
		{C1E989F3-B96A-4E69-BDDF-B6108CFA42E8}.Release|x64.ActiveCfg = Release|Any CPU
		{C1E989F3-B96A-4E69-BDDF-B6108CFA42E8}.Release|x64.Build.0 = Release|Any CPU
		{C1E989F3-B96A-4E69-BDDF-B6108CFA42E8}.Release|x86.ActiveCfg = Release|x86
		{C1E989F3-B96A-4E69-BDDF-B6108CFA42E8}.Release|x86.Build.0 = Release|x86
		{B6E74918-D92B-4690-BEC9-0BB199A6E933}.Debug|Any CPU.ActiveCfg = Debug|Any CPU
		{B6E74918-D92B-4690-BEC9-0BB199A6E933}.Debug|Any CPU.Build.0 = Debug|Any CPU
		{B6E74918-D92B-4690-BEC9-0BB199A6E933}.Debug|ARM.ActiveCfg = Debug|Any CPU
		{B6E74918-D92B-4690-BEC9-0BB199A6E933}.Debug|ARM.Build.0 = Debug|Any CPU
		{B6E74918-D92B-4690-BEC9-0BB199A6E933}.Debug|x64.ActiveCfg = Debug|Any CPU
		{B6E74918-D92B-4690-BEC9-0BB199A6E933}.Debug|x64.Build.0 = Debug|Any CPU
		{B6E74918-D92B-4690-BEC9-0BB199A6E933}.Debug|x86.ActiveCfg = Debug|Any CPU
		{B6E74918-D92B-4690-BEC9-0BB199A6E933}.Debug|x86.Build.0 = Debug|Any CPU
		{B6E74918-D92B-4690-BEC9-0BB199A6E933}.Release|Any CPU.ActiveCfg = Release|Any CPU
		{B6E74918-D92B-4690-BEC9-0BB199A6E933}.Release|Any CPU.Build.0 = Release|Any CPU
		{B6E74918-D92B-4690-BEC9-0BB199A6E933}.Release|ARM.ActiveCfg = Release|Any CPU
		{B6E74918-D92B-4690-BEC9-0BB199A6E933}.Release|ARM.Build.0 = Release|Any CPU
		{B6E74918-D92B-4690-BEC9-0BB199A6E933}.Release|x64.ActiveCfg = Release|Any CPU
		{B6E74918-D92B-4690-BEC9-0BB199A6E933}.Release|x64.Build.0 = Release|Any CPU
		{B6E74918-D92B-4690-BEC9-0BB199A6E933}.Release|x86.ActiveCfg = Release|Any CPU
		{B6E74918-D92B-4690-BEC9-0BB199A6E933}.Release|x86.Build.0 = Release|Any CPU
		{8C2B681C-C536-4959-B916-1754951469D1}.Debug|Any CPU.ActiveCfg = Debug|Any CPU
		{8C2B681C-C536-4959-B916-1754951469D1}.Debug|Any CPU.Build.0 = Debug|Any CPU
		{8C2B681C-C536-4959-B916-1754951469D1}.Debug|ARM.ActiveCfg = Debug|Any CPU
		{8C2B681C-C536-4959-B916-1754951469D1}.Debug|ARM.Build.0 = Debug|Any CPU
		{8C2B681C-C536-4959-B916-1754951469D1}.Debug|x64.ActiveCfg = Debug|Any CPU
		{8C2B681C-C536-4959-B916-1754951469D1}.Debug|x64.Build.0 = Debug|Any CPU
		{8C2B681C-C536-4959-B916-1754951469D1}.Debug|x86.ActiveCfg = Debug|Any CPU
		{8C2B681C-C536-4959-B916-1754951469D1}.Debug|x86.Build.0 = Debug|Any CPU
		{8C2B681C-C536-4959-B916-1754951469D1}.Release|Any CPU.ActiveCfg = Release|Any CPU
		{8C2B681C-C536-4959-B916-1754951469D1}.Release|Any CPU.Build.0 = Release|Any CPU
		{8C2B681C-C536-4959-B916-1754951469D1}.Release|ARM.ActiveCfg = Release|Any CPU
		{8C2B681C-C536-4959-B916-1754951469D1}.Release|ARM.Build.0 = Release|Any CPU
		{8C2B681C-C536-4959-B916-1754951469D1}.Release|x64.ActiveCfg = Release|Any CPU
		{8C2B681C-C536-4959-B916-1754951469D1}.Release|x64.Build.0 = Release|Any CPU
		{8C2B681C-C536-4959-B916-1754951469D1}.Release|x86.ActiveCfg = Release|Any CPU
		{8C2B681C-C536-4959-B916-1754951469D1}.Release|x86.Build.0 = Release|Any CPU
		{892C8912-7742-42A4-A5D7-808C4EC1BA1E}.Debug|Any CPU.ActiveCfg = Debug|Any CPU
		{892C8912-7742-42A4-A5D7-808C4EC1BA1E}.Debug|Any CPU.Build.0 = Debug|Any CPU
		{892C8912-7742-42A4-A5D7-808C4EC1BA1E}.Debug|ARM.ActiveCfg = Debug|ARM
		{892C8912-7742-42A4-A5D7-808C4EC1BA1E}.Debug|ARM.Build.0 = Debug|ARM
		{892C8912-7742-42A4-A5D7-808C4EC1BA1E}.Debug|x64.ActiveCfg = Debug|x64
		{892C8912-7742-42A4-A5D7-808C4EC1BA1E}.Debug|x64.Build.0 = Debug|x64
		{892C8912-7742-42A4-A5D7-808C4EC1BA1E}.Debug|x86.ActiveCfg = Debug|x86
		{892C8912-7742-42A4-A5D7-808C4EC1BA1E}.Debug|x86.Build.0 = Debug|x86
		{892C8912-7742-42A4-A5D7-808C4EC1BA1E}.Release|Any CPU.ActiveCfg = Release|Any CPU
		{892C8912-7742-42A4-A5D7-808C4EC1BA1E}.Release|Any CPU.Build.0 = Release|Any CPU
		{892C8912-7742-42A4-A5D7-808C4EC1BA1E}.Release|ARM.ActiveCfg = Release|ARM
		{892C8912-7742-42A4-A5D7-808C4EC1BA1E}.Release|ARM.Build.0 = Release|ARM
		{892C8912-7742-42A4-A5D7-808C4EC1BA1E}.Release|x64.ActiveCfg = Release|x64
		{892C8912-7742-42A4-A5D7-808C4EC1BA1E}.Release|x64.Build.0 = Release|x64
		{892C8912-7742-42A4-A5D7-808C4EC1BA1E}.Release|x86.ActiveCfg = Release|x86
		{892C8912-7742-42A4-A5D7-808C4EC1BA1E}.Release|x86.Build.0 = Release|x86
		{40835C86-EF3C-4F61-91A6-AA3FD9F9B59D}.Debug|Any CPU.ActiveCfg = Debug|Any CPU
		{40835C86-EF3C-4F61-91A6-AA3FD9F9B59D}.Debug|Any CPU.Build.0 = Debug|Any CPU
		{40835C86-EF3C-4F61-91A6-AA3FD9F9B59D}.Debug|ARM.ActiveCfg = Debug|Any CPU
		{40835C86-EF3C-4F61-91A6-AA3FD9F9B59D}.Debug|ARM.Build.0 = Debug|Any CPU
		{40835C86-EF3C-4F61-91A6-AA3FD9F9B59D}.Debug|x64.ActiveCfg = Debug|Any CPU
		{40835C86-EF3C-4F61-91A6-AA3FD9F9B59D}.Debug|x64.Build.0 = Debug|Any CPU
		{40835C86-EF3C-4F61-91A6-AA3FD9F9B59D}.Debug|x86.ActiveCfg = Debug|Any CPU
		{40835C86-EF3C-4F61-91A6-AA3FD9F9B59D}.Debug|x86.Build.0 = Debug|Any CPU
		{40835C86-EF3C-4F61-91A6-AA3FD9F9B59D}.Release|Any CPU.ActiveCfg = Release|Any CPU
		{40835C86-EF3C-4F61-91A6-AA3FD9F9B59D}.Release|Any CPU.Build.0 = Release|Any CPU
		{40835C86-EF3C-4F61-91A6-AA3FD9F9B59D}.Release|ARM.ActiveCfg = Release|Any CPU
		{40835C86-EF3C-4F61-91A6-AA3FD9F9B59D}.Release|ARM.Build.0 = Release|Any CPU
		{40835C86-EF3C-4F61-91A6-AA3FD9F9B59D}.Release|x64.ActiveCfg = Release|Any CPU
		{40835C86-EF3C-4F61-91A6-AA3FD9F9B59D}.Release|x64.Build.0 = Release|Any CPU
		{40835C86-EF3C-4F61-91A6-AA3FD9F9B59D}.Release|x86.ActiveCfg = Release|Any CPU
		{40835C86-EF3C-4F61-91A6-AA3FD9F9B59D}.Release|x86.Build.0 = Release|Any CPU
		{E80336A8-B68A-436E-A84C-151D10F195C5}.Debug|Any CPU.ActiveCfg = Debug|Any CPU
		{E80336A8-B68A-436E-A84C-151D10F195C5}.Debug|Any CPU.Build.0 = Debug|Any CPU
		{E80336A8-B68A-436E-A84C-151D10F195C5}.Debug|Any CPU.Deploy.0 = Debug|Any CPU
		{E80336A8-B68A-436E-A84C-151D10F195C5}.Debug|ARM.ActiveCfg = Debug|ARM
		{E80336A8-B68A-436E-A84C-151D10F195C5}.Debug|ARM.Build.0 = Debug|ARM
		{E80336A8-B68A-436E-A84C-151D10F195C5}.Debug|ARM.Deploy.0 = Debug|ARM
		{E80336A8-B68A-436E-A84C-151D10F195C5}.Debug|x64.ActiveCfg = Debug|x64
		{E80336A8-B68A-436E-A84C-151D10F195C5}.Debug|x64.Build.0 = Debug|x64
		{E80336A8-B68A-436E-A84C-151D10F195C5}.Debug|x64.Deploy.0 = Debug|x64
		{E80336A8-B68A-436E-A84C-151D10F195C5}.Debug|x86.ActiveCfg = Debug|x86
		{E80336A8-B68A-436E-A84C-151D10F195C5}.Debug|x86.Build.0 = Debug|x86
		{E80336A8-B68A-436E-A84C-151D10F195C5}.Debug|x86.Deploy.0 = Debug|x86
		{E80336A8-B68A-436E-A84C-151D10F195C5}.Release|Any CPU.ActiveCfg = Release|Any CPU
		{E80336A8-B68A-436E-A84C-151D10F195C5}.Release|Any CPU.Build.0 = Release|Any CPU
		{E80336A8-B68A-436E-A84C-151D10F195C5}.Release|Any CPU.Deploy.0 = Release|Any CPU
		{E80336A8-B68A-436E-A84C-151D10F195C5}.Release|ARM.ActiveCfg = Release|ARM
		{E80336A8-B68A-436E-A84C-151D10F195C5}.Release|ARM.Build.0 = Release|ARM
		{E80336A8-B68A-436E-A84C-151D10F195C5}.Release|ARM.Deploy.0 = Release|ARM
		{E80336A8-B68A-436E-A84C-151D10F195C5}.Release|x64.ActiveCfg = Release|x64
		{E80336A8-B68A-436E-A84C-151D10F195C5}.Release|x64.Build.0 = Release|x64
		{E80336A8-B68A-436E-A84C-151D10F195C5}.Release|x64.Deploy.0 = Release|x64
		{E80336A8-B68A-436E-A84C-151D10F195C5}.Release|x86.ActiveCfg = Release|x86
		{E80336A8-B68A-436E-A84C-151D10F195C5}.Release|x86.Build.0 = Release|x86
		{E80336A8-B68A-436E-A84C-151D10F195C5}.Release|x86.Deploy.0 = Release|x86
		{017991CA-850E-4A9C-9784-27D65C63403C}.Debug|Any CPU.ActiveCfg = Debug|x86
		{017991CA-850E-4A9C-9784-27D65C63403C}.Debug|ARM.ActiveCfg = Debug|ARM
		{017991CA-850E-4A9C-9784-27D65C63403C}.Debug|ARM.Build.0 = Debug|ARM
		{017991CA-850E-4A9C-9784-27D65C63403C}.Debug|ARM.Deploy.0 = Debug|ARM
		{017991CA-850E-4A9C-9784-27D65C63403C}.Debug|x64.ActiveCfg = Debug|x64
		{017991CA-850E-4A9C-9784-27D65C63403C}.Debug|x64.Build.0 = Debug|x64
		{017991CA-850E-4A9C-9784-27D65C63403C}.Debug|x64.Deploy.0 = Debug|x64
		{017991CA-850E-4A9C-9784-27D65C63403C}.Debug|x86.ActiveCfg = Debug|x86
		{017991CA-850E-4A9C-9784-27D65C63403C}.Debug|x86.Build.0 = Debug|x86
		{017991CA-850E-4A9C-9784-27D65C63403C}.Debug|x86.Deploy.0 = Debug|x86
		{017991CA-850E-4A9C-9784-27D65C63403C}.Release|Any CPU.ActiveCfg = Release|x86
		{017991CA-850E-4A9C-9784-27D65C63403C}.Release|ARM.ActiveCfg = Release|ARM
		{017991CA-850E-4A9C-9784-27D65C63403C}.Release|ARM.Build.0 = Release|ARM
		{017991CA-850E-4A9C-9784-27D65C63403C}.Release|ARM.Deploy.0 = Release|ARM
		{017991CA-850E-4A9C-9784-27D65C63403C}.Release|x64.ActiveCfg = Release|x64
		{017991CA-850E-4A9C-9784-27D65C63403C}.Release|x64.Build.0 = Release|x64
		{017991CA-850E-4A9C-9784-27D65C63403C}.Release|x64.Deploy.0 = Release|x64
		{017991CA-850E-4A9C-9784-27D65C63403C}.Release|x86.ActiveCfg = Release|x86
		{017991CA-850E-4A9C-9784-27D65C63403C}.Release|x86.Build.0 = Release|x86
		{017991CA-850E-4A9C-9784-27D65C63403C}.Release|x86.Deploy.0 = Release|x86
	EndGlobalSection
	GlobalSection(SolutionProperties) = preSolution
		HideSolutionNode = FALSE
	EndGlobalSection
	GlobalSection(NestedProjects) = preSolution
		{E6C50355-D01E-4CAA-884D-D7929861315C} = {ED29C687-095D-4FFA-8FC2-D62EC95EBE4B}
		{C4BD55D0-9512-44F8-84A6-DC244C7D4DED} = {1FD0817D-9A44-4DD5-81E3-786FCED82BC0}
		{FB48BF82-B3E8-41B9-BCF0-3FB35C410768} = {ACF3ADB3-6590-4132-8C3D-49E38FABFC62}
		{95485773-463B-4C42-ADE6-24285F049B9B} = {1FD0817D-9A44-4DD5-81E3-786FCED82BC0}
		{989D2908-CEDE-4892-8EAC-B317DB5C7F58} = {1FD0817D-9A44-4DD5-81E3-786FCED82BC0}
		{16515D34-7F48-4514-8728-82A62140D7E3} = {1FD0817D-9A44-4DD5-81E3-786FCED82BC0}
		{C1E989F3-B96A-4E69-BDDF-B6108CFA42E8} = {1FD0817D-9A44-4DD5-81E3-786FCED82BC0}
		{1FD0817D-9A44-4DD5-81E3-786FCED82BC0} = {ED29C687-095D-4FFA-8FC2-D62EC95EBE4B}
		{ACF3ADB3-6590-4132-8C3D-49E38FABFC62} = {ED29C687-095D-4FFA-8FC2-D62EC95EBE4B}
		{B6E74918-D92B-4690-BEC9-0BB199A6E933} = {184296B7-540E-47B5-8F34-BF41095A9CCD}
		{184296B7-540E-47B5-8F34-BF41095A9CCD} = {ED29C687-095D-4FFA-8FC2-D62EC95EBE4B}
		{40835C86-EF3C-4F61-91A6-AA3FD9F9B59D} = {07E45786-9A4D-49F3-98EE-1F6D75B0F751}
		{E80336A8-B68A-436E-A84C-151D10F195C5} = {07E45786-9A4D-49F3-98EE-1F6D75B0F751}
	EndGlobalSection
EndGlobal
